{
  "name": "react-web-portfolio",
  "lockfileVersion": 2,
  "requires": true,
  "packages": {
    "": {
      "dependencies": {
        "react-chart": "^0.0.1"
      }
    },
    "node_modules/amdefine": {
      "version": "1.0.1",
      "resolved": "https://registry.npmjs.org/amdefine/-/amdefine-1.0.1.tgz",
      "integrity": "sha512-S2Hw0TtNkMJhIabBwIojKL9YHO5T0n5eNqWJ7Lrlel/zDbftQpxpapi8tZs3X1HWa+u+QeydGmzzNU0m09+Rcg==",
      "peer": true,
      "engines": {
        "node": ">=0.4.2"
      }
    },
    "node_modules/base62": {
      "version": "0.1.1",
      "resolved": "https://registry.npmjs.org/base62/-/base62-0.1.1.tgz",
      "integrity": "sha512-QtExujIOq/F672OkHmDi3CdkphOA1kSQ38gv03Ro3cplYQk831dq9GM3Q1oXAxpR5HNJjGjjjT2pHtBGAJu1jw==",
      "peer": true,
      "engines": {
        "node": "*"
      }
    },
    "node_modules/envify": {
      "version": "1.2.1",
      "resolved": "https://registry.npmjs.org/envify/-/envify-1.2.1.tgz",
      "integrity": "sha512-iShXdC8O/5jo8hPIh65Y1M28YkxW4cqPw3/mg4g5q4RQbMUljOeWp2Ctno4S1ZyTUyoGrioGAZu2t9kP79wp0Q==",
      "peer": true,
      "dependencies": {
        "esprima-fb": "~3001.1.0-dev-harmony-fb",
        "jstransform": "~3.0.0",
        "through": "~2.3.4",
        "xtend": "~2.1.2"
      },
      "bin": {
        "envify": "bin/envify"
      }
    },
    "node_modules/esprima-fb": {
      "version": "3001.1.0-dev-harmony-fb",
      "resolved": "https://registry.npmjs.org/esprima-fb/-/esprima-fb-3001.0001.0000-dev-harmony-fb.tgz",
      "integrity": "sha512-a3RFiCVBiy8KdO6q/C+8BQiP/sRk8XshBU3QHHDP8tNzjYwR3FKBOImu+PXfVhPoZL0JKtJLBAOWlDMCCFY8SQ==",
      "peer": true,
      "bin": {
        "esparse": "bin/esparse.js",
        "esvalidate": "bin/esvalidate.js"
      },
      "engines": {
        "node": ">=0.4.0"
      }
    },
    "node_modules/jstransform": {
      "version": "3.0.0",
      "resolved": "https://registry.npmjs.org/jstransform/-/jstransform-3.0.0.tgz",
      "integrity": "sha512-sMwqW0EdQk2A5NjddlcSSLp6t7pIknOrJtxPU3kMN82RJXPGbdC3fcM5VhIsApNKL1hpeH38iSQsJRbgprPQZg==",
      "peer": true,
      "dependencies": {
        "base62": "0.1.1",
        "esprima-fb": "~3001.1.0-dev-harmony-fb",
        "source-map": "0.1.31"
      },
      "engines": {
        "node": ">=0.8.8"
      }
    },
    "node_modules/numeral": {
      "version": "1.5.6",
      "resolved": "https://registry.npmjs.org/numeral/-/numeral-1.5.6.tgz",
      "integrity": "sha512-ajp+xurmcvkOLZURhHP2O7AyyF+v2xQDeCODlzALrNeAQnriYaWu0c8I/mu985WaVl2O2lgdOt0QgQHlCAQ3UA==",
      "engines": {
        "node": "*"
      }
    },
    "node_modules/object-keys": {
      "version": "0.4.0",
      "resolved": "https://registry.npmjs.org/object-keys/-/object-keys-0.4.0.tgz",
      "integrity": "sha512-ncrLw+X55z7bkl5PnUvHwFK9FcGuFYo9gtjws2XtSzL+aZ8tm830P60WJ0dSmFVaSalWieW5MD7kEdnXda9yJw==",
      "peer": true
    },
    "node_modules/randgen": {
      "version": "0.1.0",
      "resolved": "https://registry.npmjs.org/randgen/-/randgen-0.1.0.tgz",
      "integrity": "sha512-z0xKLFpnQdh+HxSDrR71trUqR/U8OnPUU3FYRXdZDr3sw99+scgFIZmwSHbR2L//sgX5oq9opfZTkC5v1WCkoQ=="
    },
    "node_modules/react": {
      "version": "0.10.0",
      "resolved": "https://registry.npmjs.org/react/-/react-0.10.0.tgz",
      "integrity": "sha512-BJHANYsDIKYPZVKp1qjynvmELGETFvFzGsj1SLPOwRjnm1QtMp38fUcf67uc5T+QBBx29xHcgn3BNVug7/mwBA==",
      "engines": {
        "node": ">=0.10.0"
      },
      "peerDependencies": {
        "envify": "~1.2.0"
      }
    },
    "node_modules/react-chart": {
      "version": "0.0.1",
      "resolved": "https://registry.npmjs.org/react-chart/-/react-chart-0.0.1.tgz",
      "integrity": "sha512-w8jDwwueQ05KuKV0NprsJe5cXsk5UlZKUYHXTXAn6LK34dBBtDN4dxLtpHfq0jttbLoVNsColmc0MuhiE4Amhw==",
      "dependencies": {
        "numeral": "^1.5.3",
        "randgen": "^0.1.0",
        "react": "~0.10.0"
      }
    },
    "node_modules/source-map": {
      "version": "0.1.31",
      "resolved": "https://registry.npmjs.org/source-map/-/source-map-0.1.31.tgz",
      "integrity": "sha512-qFALUiKHo35Duky0Ubmb5YKj9b3c6CcgGNGeI60sd6Nn3KaY7h9fclEOcCVk0hwszwYYP6+X2/jpS5hHqqVuig==",
      "peer": true,
      "dependencies": {
        "amdefine": ">=0.0.4"
      },
      "engines": {
        "node": ">=0.8.0"
      }
    },
    "node_modules/through": {
      "version": "2.3.8",
      "resolved": "https://registry.npmjs.org/through/-/through-2.3.8.tgz",
      "integrity": "sha512-w89qg7PI8wAdvX60bMDP+bFoD5Dvhm9oLheFp5O4a2QF0cSBGsBX4qZmadPMvVqlLJBBci+WqGGOAPvcDeNSVg==",
      "peer": true
    },
    "node_modules/xtend": {
      "version": "2.1.2",
      "resolved": "https://registry.npmjs.org/xtend/-/xtend-2.1.2.tgz",
      "integrity": "sha512-vMNKzr2rHP9Dp/e1NQFnLQlwlhp9L/LfvnsVdHxN1f+uggyVI3i08uD14GPvCToPkdsRfyPqIyYGmIk58V98ZQ==",
      "peer": true,
      "dependencies": {
        "object-keys": "~0.4.0"
      },
      "engines": {
        "node": ">=0.4"
      }
    }
  },
  "dependencies": {
    "amdefine": {
      "version": "1.0.1",
      "resolved": "https://registry.npmjs.org/amdefine/-/amdefine-1.0.1.tgz",
      "integrity": "sha512-S2Hw0TtNkMJhIabBwIojKL9YHO5T0n5eNqWJ7Lrlel/zDbftQpxpapi8tZs3X1HWa+u+QeydGmzzNU0m09+Rcg==",
      "peer": true
    },
    "base62": {
      "version": "0.1.1",
      "resolved": "https://registry.npmjs.org/base62/-/base62-0.1.1.tgz",
      "integrity": "sha512-QtExujIOq/F672OkHmDi3CdkphOA1kSQ38gv03Ro3cplYQk831dq9GM3Q1oXAxpR5HNJjGjjjT2pHtBGAJu1jw==",
      "peer": true
    },
    "envify": {
      "version": "1.2.1",
      "resolved": "https://registry.npmjs.org/envify/-/envify-1.2.1.tgz",
      "integrity": "sha512-iShXdC8O/5jo8hPIh65Y1M28YkxW4cqPw3/mg4g5q4RQbMUljOeWp2Ctno4S1ZyTUyoGrioGAZu2t9kP79wp0Q==",
      "peer": true,
      "requires": {
        "esprima-fb": "~3001.1.0-dev-harmony-fb",
        "jstransform": "~3.0.0",
        "through": "~2.3.4",
        "xtend": "~2.1.2"
      }
    },
    "esprima-fb": {
      "version": "3001.1.0-dev-harmony-fb",
      "resolved": "https://registry.npmjs.org/esprima-fb/-/esprima-fb-3001.0001.0000-dev-harmony-fb.tgz",
      "integrity": "sha512-a3RFiCVBiy8KdO6q/C+8BQiP/sRk8XshBU3QHHDP8tNzjYwR3FKBOImu+PXfVhPoZL0JKtJLBAOWlDMCCFY8SQ==",
      "peer": true
    },
    "jstransform": {
      "version": "3.0.0",
      "resolved": "https://registry.npmjs.org/jstransform/-/jstransform-3.0.0.tgz",
      "integrity": "sha512-sMwqW0EdQk2A5NjddlcSSLp6t7pIknOrJtxPU3kMN82RJXPGbdC3fcM5VhIsApNKL1hpeH38iSQsJRbgprPQZg==",
      "peer": true,
      "requires": {
        "base62": "0.1.1",
        "esprima-fb": "~3001.1.0-dev-harmony-fb",
        "source-map": "0.1.31"
      }
    },
    "numeral": {
      "version": "1.5.6",
      "resolved": "https://registry.npmjs.org/numeral/-/numeral-1.5.6.tgz",
      "integrity": "sha512-ajp+xurmcvkOLZURhHP2O7AyyF+v2xQDeCODlzALrNeAQnriYaWu0c8I/mu985WaVl2O2lgdOt0QgQHlCAQ3UA=="
    },
    "object-keys": {
      "version": "0.4.0",
      "resolved": "https://registry.npmjs.org/object-keys/-/object-keys-0.4.0.tgz",
      "integrity": "sha512-ncrLw+X55z7bkl5PnUvHwFK9FcGuFYo9gtjws2XtSzL+aZ8tm830P60WJ0dSmFVaSalWieW5MD7kEdnXda9yJw==",
      "peer": true
    },
    "randgen": {
      "version": "0.1.0",
      "resolved": "https://registry.npmjs.org/randgen/-/randgen-0.1.0.tgz",
      "integrity": "sha512-z0xKLFpnQdh+HxSDrR71trUqR/U8OnPUU3FYRXdZDr3sw99+scgFIZmwSHbR2L//sgX5oq9opfZTkC5v1WCkoQ=="
    },
    "react": {
      "version": "0.10.0",
      "resolved": "https://registry.npmjs.org/react/-/react-0.10.0.tgz",
      "integrity": "sha512-BJHANYsDIKYPZVKp1qjynvmELGETFvFzGsj1SLPOwRjnm1QtMp38fUcf67uc5T+QBBx29xHcgn3BNVug7/mwBA==",
      "requires": {}
    },
    "react-chart": {
      "version": "0.0.1",
      "resolved": "https://registry.npmjs.org/react-chart/-/react-chart-0.0.1.tgz",
      "integrity": "sha512-w8jDwwueQ05KuKV0NprsJe5cXsk5UlZKUYHXTXAn6LK34dBBtDN4dxLtpHfq0jttbLoVNsColmc0MuhiE4Amhw==",
      "requires": {
        "numeral": "^1.5.3",
        "randgen": "^0.1.0",
        "react": "~0.10.0"
      }
    },
    "source-map": {
      "version": "0.1.31",
      "resolved": "https://registry.npmjs.org/source-map/-/source-map-0.1.31.tgz",
      "integrity": "sha512-qFALUiKHo35Duky0Ubmb5YKj9b3c6CcgGNGeI60sd6Nn3KaY7h9fclEOcCVk0hwszwYYP6+X2/jpS5hHqqVuig==",
      "peer": true,
      "requires": {
        "amdefine": ">=0.0.4"
      }
    },
    "through": {
      "version": "2.3.8",
      "resolved": "https://registry.npmjs.org/through/-/through-2.3.8.tgz",
      "integrity": "sha512-w89qg7PI8wAdvX60bMDP+bFoD5Dvhm9oLheFp5O4a2QF0cSBGsBX4qZmadPMvVqlLJBBci+WqGGOAPvcDeNSVg==",
      "peer": true
    },
    "xtend": {
      "version": "2.1.2",
      "resolved": "https://registry.npmjs.org/xtend/-/xtend-2.1.2.tgz",
      "integrity": "sha512-vMNKzr2rHP9Dp/e1NQFnLQlwlhp9L/LfvnsVdHxN1f+uggyVI3i08uD14GPvCToPkdsRfyPqIyYGmIk58V98ZQ==",
      "peer": true,
      "requires": {
        "object-keys": "~0.4.0"
      }
    }
  }
}
